
Microsoft Visual Studio Solution File, Format Version 12.00
# Visual Studio 15
VisualStudioVersion = 15.0.26419.1
MinimumVisualStudioVersion = 10.0.40219.1
Project("{888888A0-9F3D-457C-B088-3A5042F75D52}") = "PracticeSQLServer", "PracticeSQLServer\PracticeSQLServer.pyproj", "{8E6690B5-BEEF-4CF4-AFB8-741665DED250}"
EndProject
Global
	GlobalSection(SolutionConfigurationPlatforms) = preSolution
		Debug|Any CPU = Debug|Any CPU
		Release|Any CPU = Release|Any CPU
	EndGlobalSection
	GlobalSection(ProjectConfigurationPlatforms) = postSolution
		{8E6690B5-BEEF-4CF4-AFB8-741665DED250}.Debug|Any CPU.ActiveCfg = Debug|Any CPU
		{8E6690B5-BEEF-4CF4-AFB8-741665DED250}.Release|Any CPU.ActiveCfg = Release|Any CPU
	EndGlobalSection
	GlobalSection(SolutionProperties) = preSolution
		HideSolutionNode = FALSE
	EndGlobalSection
EndGlobal
